// !$*UTF8*$!
{
	archiveVersion = 1;
	classes = {
	};
	objectVersion = 56;
	objects = {

/* Begin PBXBuildFile section */
		30260BF22AEAA36700F7557B /* AppDelegate.swift in Sources */ = {isa = PBXBuildFile; fileRef = 30260BF12AEAA36700F7557B /* AppDelegate.swift */; };
		30260BF42AEAA36700F7557B /* SceneDelegate.swift in Sources */ = {isa = PBXBuildFile; fileRef = 30260BF32AEAA36700F7557B /* SceneDelegate.swift */; };
		30260BF62AEAA36700F7557B /* ViewController.swift in Sources */ = {isa = PBXBuildFile; fileRef = 30260BF52AEAA36700F7557B /* ViewController.swift */; };
		30260BF92AEAA36700F7557B /* Main.storyboard in Resources */ = {isa = PBXBuildFile; fileRef = 30260BF72AEAA36700F7557B /* Main.storyboard */; };
		30260BFB2AEAA36700F7557B /* Assets.xcassets in Resources */ = {isa = PBXBuildFile; fileRef = 30260BFA2AEAA36700F7557B /* Assets.xcassets */; };
		30260BFE2AEAA36700F7557B /* LaunchScreen.storyboard in Resources */ = {isa = PBXBuildFile; fileRef = 30260BFC2AEAA36700F7557B /* LaunchScreen.storyboard */; };
		30260C072AEAA4C600F7557B /* GoogleMobileAds in Frameworks */ = {isa = PBXBuildFile; productRef = 30260C062AEAA4C600F7557B /* GoogleMobileAds */; };
		30260C0A2AEAA69800F7557B /* adCell.swift in Sources */ = {isa = PBXBuildFile; fileRef = 30260C092AEAA69800F7557B /* adCell.swift */; };
		30260C0C2AEAA6AB00F7557B /* exampleCell.swift in Sources */ = {isa = PBXBuildFile; fileRef = 30260C0B2AEAA6AB00F7557B /* exampleCell.swift */; };
/* End PBXBuildFile section */

/* Begin PBXFileReference section */
		30260BEE2AEAA36700F7557B /* NativeAds-GoogleAdmob.app */ = {isa = PBXFileReference; explicitFileType = wrapper.application; includeInIndex = 0; path = "NativeAds-GoogleAdmob.app"; sourceTree = BUILT_PRODUCTS_DIR; };
		30260BF12AEAA36700F7557B /* AppDelegate.swift */ = {isa = PBXFileReference; lastKnownFileType = sourcecode.swift; path = AppDelegate.swift; sourceTree = "<group>"; };
		30260BF32AEAA36700F7557B /* SceneDelegate.swift */ = {isa = PBXFileReference; lastKnownFileType = sourcecode.swift; path = SceneDelegate.swift; sourceTree = "<group>"; };
		30260BF52AEAA36700F7557B /* ViewController.swift */ = {isa = PBXFileReference; lastKnownFileType = sourcecode.swift; path = ViewController.swift; sourceTree = "<group>"; };
		30260BF82AEAA36700F7557B /* Base */ = {isa = PBXFileReference; lastKnownFileType = file.storyboard; name = Base; path = Base.lproj/Main.storyboard; sourceTree = "<group>"; };
		30260BFA2AEAA36700F7557B /* Assets.xcassets */ = {isa = PBXFileReference; lastKnownFileType = folder.assetcatalog; path = Assets.xcassets; sourceTree = "<group>"; };
		30260BFD2AEAA36700F7557B /* Base */ = {isa = PBXFileReference; lastKnownFileType = file.storyboard; name = Base; path = Base.lproj/LaunchScreen.storyboard; sourceTree = "<group>"; };
		30260BFF2AEAA36700F7557B /* Info.plist */ = {isa = PBXFileReference; lastKnownFileType = text.plist.xml; path = Info.plist; sourceTree = "<group>"; };
		30260C092AEAA69800F7557B /* adCell.swift */ = {isa = PBXFileReference; lastKnownFileType = sourcecode.swift; path = adCell.swift; sourceTree = "<group>"; };
		30260C0B2AEAA6AB00F7557B /* exampleCell.swift */ = {isa = PBXFileReference; lastKnownFileType = sourcecode.swift; path = exampleCell.swift; sourceTree = "<group>"; };
/* End PBXFileReference section */

/* Begin PBXFrameworksBuildPhase section */
		30260BEB2AEAA36700F7557B /* Frameworks */ = {
			isa = PBXFrameworksBuildPhase;
			buildActionMask = 2147483647;
			files = (
				30260C072AEAA4C600F7557B /* GoogleMobileAds in Frameworks */,
			);
			runOnlyForDeploymentPostprocessing = 0;
		};
/* End PBXFrameworksBuildPhase section */

/* Begin PBXGroup section */
		30260BE52AEAA36600F7557B = {
			isa = PBXGroup;
			children = (
				30260BF02AEAA36700F7557B /* NativeAds-GoogleAdmob */,
				30260BEF2AEAA36700F7557B /* Products */,
			);
			sourceTree = "<group>";
		};
		30260BEF2AEAA36700F7557B /* Products */ = {
			isa = PBXGroup;
			children = (
				30260BEE2AEAA36700F7557B /* NativeAds-GoogleAdmob.app */,
			);
			name = Products;
			sourceTree = "<group>";
		};
		30260BF02AEAA36700F7557B /* NativeAds-GoogleAdmob */ = {
			isa = PBXGroup;
			children = (
				30260C082AEAA68300F7557B /* cell */,
				30260BF12AEAA36700F7557B /* AppDelegate.swift */,
				30260BF32AEAA36700F7557B /* SceneDelegate.swift */,
				30260BF52AEAA36700F7557B /* ViewController.swift */,
				30260BF72AEAA36700F7557B /* Main.storyboard */,
				30260BFA2AEAA36700F7557B /* Assets.xcassets */,
				30260BFC2AEAA36700F7557B /* LaunchScreen.storyboard */,
				30260BFF2AEAA36700F7557B /* Info.plist */,
			);
			path = "NativeAds-GoogleAdmob";
			sourceTree = "<group>";
		};
		30260C082AEAA68300F7557B /* cell */ = {
			isa = PBXGroup;
			children = (
				30260C092AEAA69800F7557B /* adCell.swift */,
				30260C0B2AEAA6AB00F7557B /* exampleCell.swift */,
			);
			path = cell;
			sourceTree = "<group>";
		};
/* End PBXGroup section */

/* Begin PBXNativeTarget section */
		30260BED2AEAA36700F7557B /* NativeAds-GoogleAdmob */ = {
			isa = PBXNativeTarget;
			buildConfigurationList = 30260C022AEAA36700F7557B /* Build configuration list for PBXNativeTarget "NativeAds-GoogleAdmob" */;
			buildPhases = (
				30260BEA2AEAA36700F7557B /* Sources */,
				30260BEB2AEAA36700F7557B /* Frameworks */,
				30260BEC2AEAA36700F7557B /* Resources */,
			);
			buildRules = (
			);
			dependencies = (
			);
			name = "NativeAds-GoogleAdmob";
			packageProductDependencies = (
				30260C062AEAA4C600F7557B /* GoogleMobileAds */,
			);
			productName = "NativeAds-GoogleAdmob";
			productReference = 30260BEE2AEAA36700F7557B /* NativeAds-GoogleAdmob.app */;
			productType = "com.apple.product-type.application";
		};
/* End PBXNativeTarget section */

/* Begin PBXProject section */
		30260BE62AEAA36600F7557B /* Project object */ = {
			isa = PBXProject;
			attributes = {
				BuildIndependentTargetsInParallel = 1;
				LastSwiftUpdateCheck = 1500;
				LastUpgradeCheck = 1500;
				TargetAttributes = {
					30260BED2AEAA36700F7557B = {
						CreatedOnToolsVersion = 15.0;
					};
				};
			};
			buildConfigurationList = 30260BE92AEAA36600F7557B /* Build configuration list for PBXProject "NativeAds-GoogleAdmob" */;
			compatibilityVersion = "Xcode 14.0";
			developmentRegion = en;
			hasScannedForEncodings = 0;
			knownRegions = (
				en,
				Base,
			);
			mainGroup = 30260BE52AEAA36600F7557B;
			packageReferences = (
				30260C052AEAA4C600F7557B /* XCRemoteSwiftPackageReference "swift-package-manager-google-mobile-ads" */,
			);
			productRefGroup = 30260BEF2AEAA36700F7557B /* Products */;
			projectDirPath = "";
			projectRoot = "";
			targets = (
				30260BED2AEAA36700F7557B /* NativeAds-GoogleAdmob */,
			);
		};
/* End PBXProject section */

/* Begin PBXResourcesBuildPhase section */
		30260BEC2AEAA36700F7557B /* Resources */ = {
			isa = PBXResourcesBuildPhase;
			buildActionMask = 2147483647;
			files = (
				30260BFE2AEAA36700F7557B /* LaunchScreen.storyboard in Resources */,
				30260BFB2AEAA36700F7557B /* Assets.xcassets in Resources */,
				30260BF92AEAA36700F7557B /* Main.storyboard in Resources */,
			);
			runOnlyForDeploymentPostprocessing = 0;
		};
/* End PBXResourcesBuildPhase section */

/* Begin PBXSourcesBuildPhase section */
		30260BEA2AEAA36700F7557B /* Sources */ = {
			isa = PBXSourcesBuildPhase;
			buildActionMask = 2147483647;
			files = (
				30260C0C2AEAA6AB00F7557B /* exampleCell.swift in Sources */,
				30260C0A2AEAA69800F7557B /* adCell.swift in Sources */,
				30260BF62AEAA36700F7557B /* ViewController.swift in Sources */,
				30260BF22AEAA36700F7557B /* AppDelegate.swift in Sources */,
				30260BF42AEAA36700F7557B /* SceneDelegate.swift in Sources */,
			);
			runOnlyForDeploymentPostprocessing = 0;
		};
/* End PBXSourcesBuildPhase section */

/* Begin PBXVariantGroup section */
		30260BF72AEAA36700F7557B /* Main.storyboard */ = {
			isa = PBXVariantGroup;
			children = (
				30260BF82AEAA36700F7557B /* Base */,
			);
			name = Main.storyboard;
			sourceTree = "<group>";
		};
		30260BFC2AEAA36700F7557B /* LaunchScreen.storyboard */ = {
			isa = PBXVariantGroup;
			children = (
				30260BFD2AEAA36700F7557B /* Base */,
			);
			name = LaunchScreen.storyboard;
			sourceTree = "<group>";
		};
/* End PBXVariantGroup section */

/* Begin XCBuildConfiguration section */
		30260C002AEAA36700F7557B /* Debug */ = {
			isa = XCBuildConfiguration;
			buildSettings = {
				ALWAYS_SEARCH_USER_PATHS = NO;
				ASSETCATALOG_COMPILER_GENERATE_SWIFT_ASSET_SYMBOL_EXTENSIONS = YES;
				CLANG_ANALYZER_NONNULL = YES;
				CLANG_ANALYZER_NUMBER_OBJECT_CONVERSION = YES_AGGRESSIVE;
				CLANG_CXX_LANGUAGE_STANDARD = "gnu++20";
				CLANG_ENABLE_MODULES = YES;
				CLANG_ENABLE_OBJC_ARC = YES;
				CLANG_ENABLE_OBJC_WEAK = YES;
				CLANG_WARN_BLOCK_CAPTURE_AUTORELEASING = YES;
				CLANG_WARN_BOOL_CONVERSION = YES;
				CLANG_WARN_COMMA = YES;
				CLANG_WARN_CONSTANT_CONVERSION = YES;
				CLANG_WARN_DEPRECATED_OBJC_IMPLEMENTATIONS = YES;
				CLANG_WARN_DIRECT_OBJC_ISA_USAGE = YES_ERROR;
				CLANG_WARN_DOCUMENTATION_COMMENTS = YES;
				CLANG_WARN_EMPTY_BODY = YES;
				CLANG_WARN_ENUM_CONVERSION = YES;
				CLANG_WARN_INFINITE_RECURSION = YES;
				CLANG_WARN_INT_CONVERSION = YES;
				CLANG_WARN_NON_LITERAL_NULL_CONVERSION = YES;
				CLANG_WARN_OBJC_IMPLICIT_RETAIN_SELF = YES;
				CLANG_WARN_OBJC_LITERAL_CONVERSION = YES;
				CLANG_WARN_OBJC_ROOT_CLASS = YES_ERROR;
				CLANG_WARN_QUOTED_INCLUDE_IN_FRAMEWORK_HEADER = YES;
				CLANG_WARN_RANGE_LOOP_ANALYSIS = YES;
				CLANG_WARN_STRICT_PROTOTYPES = YES;
				CLANG_WARN_SUSPICIOUS_MOVE = YES;
				CLANG_WARN_UNGUARDED_AVAILABILITY = YES_AGGRESSIVE;
				CLANG_WARN_UNREACHABLE_CODE = YES;
				CLANG_WARN__DUPLICATE_METHOD_MATCH = YES;
				COPY_PHASE_STRIP = NO;
				DEBUG_INFORMATION_FORMAT = dwarf;
				ENABLE_STRICT_OBJC_MSGSEND = YES;
				ENABLE_TESTABILITY = YES;
				ENABLE_USER_SCRIPT_SANDBOXING = YES;
				GCC_C_LANGUAGE_STANDARD = gnu17;
				GCC_DYNAMIC_NO_PIC = NO;
				GCC_NO_COMMON_BLOCKS = YES;
				GCC_OPTIMIZATION_LEVEL = 0;
				GCC_PREPROCESSOR_DEFINITIONS = (
					"DEBUG=1",
					"$(inherited)",
				);
				GCC_WARN_64_TO_32_BIT_CONVERSION = YES;
				GCC_WARN_ABOUT_RETURN_TYPE = YES_ERROR;
				GCC_WARN_UNDECLARED_SELECTOR = YES;
				GCC_WARN_UNINITIALIZED_AUTOS = YES_AGGRESSIVE;
				GCC_WARN_UNUSED_FUNCTION = YES;
				GCC_WARN_UNUSED_VARIABLE = YES;
				IPHONEOS_DEPLOYMENT_TARGET = 17.0;
				LOCALIZATION_PREFERS_STRING_CATALOGS = YES;
				MTL_ENABLE_DEBUG_INFO = INCLUDE_SOURCE;
				MTL_FAST_MATH = YES;
				ONLY_ACTIVE_ARCH = YES;
				SDKROOT = iphoneos;
				SWIFT_ACTIVE_COMPILATION_CONDITIONS = "DEBUG $(inherited)";
				SWIFT_OPTIMIZATION_LEVEL = "-Onone";
			};
			name = Debug;
		};
		30260C012AEAA36700F7557B /* Release */ = {
			isa = XCBuildConfiguration;
			buildSettings = {
				ALWAYS_SEARCH_USER_PATHS = NO;
				ASSETCATALOG_COMPILER_GENERATE_SWIFT_ASSET_SYMBOL_EXTENSIONS = YES;
				CLANG_ANALYZER_NONNULL = YES;
				CLANG_ANALYZER_NUMBER_OBJECT_CONVERSION = YES_AGGRESSIVE;
				CLANG_CXX_LANGUAGE_STANDARD = "gnu++20";
				CLANG_ENABLE_MODULES = YES;
				CLANG_ENABLE_OBJC_ARC = YES;
				CLANG_ENABLE_OBJC_WEAK = YES;
				CLANG_WARN_BLOCK_CAPTURE_AUTORELEASING = YES;
				CLANG_WARN_BOOL_CONVERSION = YES;
				CLANG_WARN_COMMA = YES;
				CLANG_WARN_CONSTANT_CONVERSION = YES;
				CLANG_WARN_DEPRECATED_OBJC_IMPLEMENTATIONS = YES;
				CLANG_WARN_DIRECT_OBJC_ISA_USAGE = YES_ERROR;
				CLANG_WARN_DOCUMENTATION_COMMENTS = YES;
				CLANG_WARN_EMPTY_BODY = YES;
				CLANG_WARN_ENUM_CONVERSION = YES;
				CLANG_WARN_INFINITE_RECURSION = YES;
				CLANG_WARN_INT_CONVERSION = YES;
				CLANG_WARN_NON_LITERAL_NULL_CONVERSION = YES;
				CLANG_WARN_OBJC_IMPLICIT_RETAIN_SELF = YES;
				CLANG_WARN_OBJC_LITERAL_CONVERSION = YES;
				CLANG_WARN_OBJC_ROOT_CLASS = YES_ERROR;
				CLANG_WARN_QUOTED_INCLUDE_IN_FRAMEWORK_HEADER = YES;
				CLANG_WARN_RANGE_LOOP_ANALYSIS = YES;
				CLANG_WARN_STRICT_PROTOTYPES = YES;
				CLANG_WARN_SUSPICIOUS_MOVE = YES;
				CLANG_WARN_UNGUARDED_AVAILABILITY = YES_AGGRESSIVE;
				CLANG_WARN_UNREACHABLE_CODE = YES;
				CLANG_WARN__DUPLICATE_METHOD_MATCH = YES;
				COPY_PHASE_STRIP = NO;
				DEBUG_INFORMATION_FORMAT = "dwarf-with-dsym";
				ENABLE_NS_ASSERTIONS = NO;
				ENABLE_STRICT_OBJC_MSGSEND = YES;
				ENABLE_USER_SCRIPT_SANDBOXING = YES;
				GCC_C_LANGUAGE_STANDARD = gnu17;
				GCC_NO_COMMON_BLOCKS = YES;
				GCC_WARN_64_TO_32_BIT_CONVERSION = YES;
				GCC_WARN_ABOUT_RETURN_TYPE = YES_ERROR;
				GCC_WARN_UNDECLARED_SELECTOR = YES;
				GCC_WARN_UNINITIALIZED_AUTOS = YES_AGGRESSIVE;
				GCC_WARN_UNUSED_FUNCTION = YES;
				GCC_WARN_UNUSED_VARIABLE = YES;
				IPHONEOS_DEPLOYMENT_TARGET = 17.0;
				LOCALIZATION_PREFERS_STRING_CATALOGS = YES;
				MTL_ENABLE_DEBUG_INFO = NO;
				MTL_FAST_MATH = YES;
				SDKROOT = iphoneos;
				SWIFT_COMPILATION_MODE = wholemodule;
				VALIDATE_PRODUCT = YES;
			};
			name = Release;
		};
		30260C032AEAA36700F7557B /* Debug */ = {
			isa = XCBuildConfiguration;
			buildSettings = {
				ASSETCATALOG_COMPILER_APPICON_NAME = AppIcon;
				ASSETCATALOG_COMPILER_GLOBAL_ACCENT_COLOR_NAME = AccentColor;
				CODE_SIGN_STYLE = Automatic;
				CURRENT_PROJECT_VERSION = 1;
				DEVELOPMENT_TEAM = "";
				GENERATE_INFOPLIST_FILE = YES;
				INFOPLIST_FILE = "NativeAds-GoogleAdmob/Info.plist";
				INFOPLIST_KEY_UIApplicationSupportsIndirectInputEvents = YES;
				INFOPLIST_KEY_UILaunchStoryboardName = LaunchScreen;
				INFOPLIST_KEY_UIMainStoryboardFile = Main;
				INFOPLIST_KEY_UISupportedInterfaceOrientations_iPad = "UIInterfaceOrientationPortrait UIInterfaceOrientationPortraitUpsideDown UIInterfaceOrientationLandscapeLeft UIInterfaceOrientationLandscapeRight";
				INFOPLIST_KEY_UISupportedInterfaceOrientations_iPhone = "UIInterfaceOrientationPortrait UIInterfaceOrientationLandscapeLeft UIInterfaceOrientationLandscapeRight";
				LD_RUNPATH_SEARCH_PATHS = (
					"$(inherited)",
					"@executable_path/Frameworks",
				);
				MARKETING_VERSION = 1.0;
				"OTHER_LDFLAGS[arch=*]" = "-ObjC";
				PRODUCT_BUNDLE_IDENTIFIER = "com.ceplojistik.NativeAds-GoogleAdmob";
				PRODUCT_NAME = "$(TARGET_NAME)";
				SWIFT_EMIT_LOC_STRINGS = YES;
				SWIFT_VERSION = 5.0;
				TARGETED_DEVICE_FAMILY = "1,2";
			};
			name = Debug;
		};
		30260C042AEAA36700F7557B /* Release */ = {
			isa = XCBuildConfiguration;
			buildSettings = {
				ASSETCATALOG_COMPILER_APPICON_NAME = AppIcon;
				ASSETCATALOG_COMPILER_GLOBAL_ACCENT_COLOR_NAME = AccentColor;
				CODE_SIGN_STYLE = Automatic;
				CURRENT_PROJECT_VERSION = 1;
				DEVELOPMENT_TEAM = "";
				GENERATE_INFOPLIST_FILE = YES;
				INFOPLIST_FILE = "NativeAds-GoogleAdmob/Info.plist";
				INFOPLIST_KEY_UIApplicationSupportsIndirectInputEvents = YES;
				INFOPLIST_KEY_UILaunchStoryboardName = LaunchScreen;
				INFOPLIST_KEY_UIMainStoryboardFile = Main;
				INFOPLIST_KEY_UISupportedInterfaceOrientations_iPad = "UIInterfaceOrientationPortrait UIInterfaceOrientationPortraitUpsideDown UIInterfaceOrientationLandscapeLeft UIInterfaceOrientationLandscapeRight";
				INFOPLIST_KEY_UISupportedInterfaceOrientations_iPhone = "UIInterfaceOrientationPortrait UIInterfaceOrientationLandscapeLeft UIInterfaceOrientationLandscapeRight";
				LD_RUNPATH_SEARCH_PATHS = (
					"$(inherited)",
					"@executable_path/Frameworks",
				);
				MARKETING_VERSION = 1.0;
				"OTHER_LDFLAGS[arch=*]" = "-ObjC";
				PRODUCT_BUNDLE_IDENTIFIER = "com.ceplojistik.NativeAds-GoogleAdmob";
				PRODUCT_NAME = "$(TARGET_NAME)";
				SWIFT_EMIT_LOC_STRINGS = YES;
				SWIFT_VERSION = 5.0;
				TARGETED_DEVICE_FAMILY = "1,2";
			};
			name = Release;
		};
/* End XCBuildConfiguration section */

/* Begin XCConfigurationList section */
		30260BE92AEAA36600F7557B /* Build configuration list for PBXProject "NativeAds-GoogleAdmob" */ = {
			isa = XCConfigurationList;
			buildConfigurations = (
				30260C002AEAA36700F7557B /* Debug */,
				30260C012AEAA36700F7557B /* Release */,
			);
			defaultConfigurationIsVisible = 0;
			defaultConfigurationName = Release;
		};
		30260C022AEAA36700F7557B /* Build configuration list for PBXNativeTarget "NativeAds-GoogleAdmob" */ = {
			isa = XCConfigurationList;
			buildConfigurations = (
				30260C032AEAA36700F7557B /* Debug */,
				30260C042AEAA36700F7557B /* Release */,
			);
			defaultConfigurationIsVisible = 0;
			defaultConfigurationName = Release;
		};
/* End XCConfigurationList section */

/* Begin XCRemoteSwiftPackageReference section */
		30260C052AEAA4C600F7557B /* XCRemoteSwiftPackageReference "swift-package-manager-google-mobile-ads" */ = {
			isa = XCRemoteSwiftPackageReference;
			repositoryURL = "https://github.com/googleads/swift-package-manager-google-mobile-ads.git";
			requirement = {
				kind = upToNextMajorVersion;
				minimumVersion = 10.12.0;
			};
		};
/* End XCRemoteSwiftPackageReference section */

/* Begin XCSwiftPackageProductDependency section */
		30260C062AEAA4C600F7557B /* GoogleMobileAds */ = {
			isa = XCSwiftPackageProductDependency;
			package = 30260C052AEAA4C600F7557B /* XCRemoteSwiftPackageReference "swift-package-manager-google-mobile-ads" */;
			productName = GoogleMobileAds;
		};
/* End XCSwiftPackageProductDependency section */
	};
	rootObject = 30260BE62AEAA36600F7557B /* Project object */;
}
